Microsoft Visual Studio Solution File, Format Version 12.00
# Visual Studio 2013
VisualStudioVersion = 12.0.21005.1
MinimumVisualStudioVersion = 10.0.40219.1
Project("{8BC9CEB8-8B4A-11D0-8D11-00A0C91BC942}") = "LBLS", "LBLS.vcxproj", "{65518520-3FCE-4558-AC7A-072735DDC241}"
EndProject
Project("{2150E333-8FDC-42A3-9474-1A3956D46DE8}") = "Solution Items", "Solution Items", "{C2CCEA32-4E11-42FE-AA6C-0E1B9DD912FE}"
EndProject
Global
	GlobalSection(SolutionConfigurationPlatforms) = preSolution
		Debug|Win32 = Debug|Win32
		Debug|x64 = Debug|x64
		OpenCL|Win32 = OpenCL|Win32
		OpenCL|x64 = OpenCL|x64
		Release OpenMP|Win32 = Release OpenMP|Win32
		Release OpenMP|x64 = Release OpenMP|x64
		Release|Win32 = Release|Win32
		Release|x64 = Release|x64
	EndGlobalSection
	GlobalSection(ProjectConfigurationPlatforms) = postSolution
		{65518520-3FCE-4558-AC7A-072735DDC241}.Debug|Win32.ActiveCfg = Debug|x64
		{65518520-3FCE-4558-AC7A-072735DDC241}.Debug|Win32.Build.0 = Debug|x64
		{65518520-3FCE-4558-AC7A-072735DDC241}.Debug|x64.ActiveCfg = Debug|x64
		{65518520-3FCE-4558-AC7A-072735DDC241}.Debug|x64.Build.0 = Debug|x64
		{65518520-3FCE-4558-AC7A-072735DDC241}.OpenCL|Win32.ActiveCfg = OpenCL|x64
		{65518520-3FCE-4558-AC7A-072735DDC241}.OpenCL|Win32.Build.0 = OpenCL|x64
		{65518520-3FCE-4558-AC7A-072735DDC241}.OpenCL|x64.ActiveCfg = OpenCL|x64
		{65518520-3FCE-4558-AC7A-072735DDC241}.OpenCL|x64.Build.0 = OpenCL|x64
		{65518520-3FCE-4558-AC7A-072735DDC241}.Release OpenMP|Win32.ActiveCfg = Release OpenMP|Win32
		{65518520-3FCE-4558-AC7A-072735DDC241}.Release OpenMP|Win32.Build.0 = Release OpenMP|Win32
		{65518520-3FCE-4558-AC7A-072735DDC241}.Release OpenMP|x64.ActiveCfg = Release OpenMP|x64
		{65518520-3FCE-4558-AC7A-072735DDC241}.Release OpenMP|x64.Build.0 = Release OpenMP|x64
		{65518520-3FCE-4558-AC7A-072735DDC241}.Release|Win32.ActiveCfg = Release|Win32
		{65518520-3FCE-4558-AC7A-072735DDC241}.Release|Win32.Build.0 = Release|Win32
		{65518520-3FCE-4558-AC7A-072735DDC241}.Release|x64.ActiveCfg = Release|x64
		{65518520-3FCE-4558-AC7A-072735DDC241}.Release|x64.Build.0 = Release|x64
	EndGlobalSection
	GlobalSection(SolutionProperties) = preSolution
		HideSolutionNode = FALSE
	EndGlobalSection
EndGlobal
